// !$*UTF8*$!
{
	archiveVersion = 1;
	classes = {
	};
	objectVersion = 56;
	objects = {

/* Begin PBXBuildFile section */
		AA2EF7A52B825D35006941BE /* _AnimatedAppApp.swift in Sources */ = {isa = PBXBuildFile; fileRef = AA2EF7A42B825D35006941BE /* _AnimatedAppApp.swift */; };
		AA2EF7AC2B825D36006941BE /* Preview Assets.xcassets in Resources */ = {isa = PBXBuildFile; fileRef = AA2EF7AB2B825D36006941BE /* Preview Assets.xcassets */; };
		AA2EF7B62B825D72006941BE /* TabBar.swift in Sources */ = {isa = PBXBuildFile; fileRef = AA2EF7B32B825D72006941BE /* TabBar.swift */; };
		AA2EF7B72B825D72006941BE /* SideMenu.swift in Sources */ = {isa = PBXBuildFile; fileRef = AA2EF7B42B825D72006941BE /* SideMenu.swift */; };
		AA2EF7B82B825D72006941BE /* ContentView.swift in Sources */ = {isa = PBXBuildFile; fileRef = AA2EF7B52B825D72006941BE /* ContentView.swift */; };
		AA2EF7C02B825D9A006941BE /* VCard.swift in Sources */ = {isa = PBXBuildFile; fileRef = AA2EF7BA2B825D99006941BE /* VCard.swift */; };
		AA2EF7C12B825D9A006941BE /* HCard.swift in Sources */ = {isa = PBXBuildFile; fileRef = AA2EF7BB2B825D99006941BE /* HCard.swift */; };
		AA2EF7C22B825D9A006941BE /* HomeView.swift in Sources */ = {isa = PBXBuildFile; fileRef = AA2EF7BD2B825D9A006941BE /* HomeView.swift */; };
		AA2EF7C32B825D9A006941BE /* SignInView.swift in Sources */ = {isa = PBXBuildFile; fileRef = AA2EF7BE2B825D9A006941BE /* SignInView.swift */; };
		AA2EF7C42B825D9A006941BE /* OnboardingView.swift in Sources */ = {isa = PBXBuildFile; fileRef = AA2EF7BF2B825D9A006941BE /* OnboardingView.swift */; };
		AA2EF7CF2B825E9B006941BE /* HouseView.swift in Sources */ = {isa = PBXBuildFile; fileRef = AA2EF7C62B825E9B006941BE /* HouseView.swift */; };
		AA2EF7D02B825E9B006941BE /* CourseSection.swift in Sources */ = {isa = PBXBuildFile; fileRef = AA2EF7C82B825E9B006941BE /* CourseSection.swift */; };
		AA2EF7D12B825E9B006941BE /* Course.swift in Sources */ = {isa = PBXBuildFile; fileRef = AA2EF7C92B825E9B006941BE /* Course.swift */; };
		AA2EF7D22B825E9B006941BE /* CustomButton.swift in Sources */ = {isa = PBXBuildFile; fileRef = AA2EF7CB2B825E9B006941BE /* CustomButton.swift */; };
		AA2EF7D32B825E9B006941BE /* Extensions.swift in Sources */ = {isa = PBXBuildFile; fileRef = AA2EF7CC2B825E9B006941BE /* Extensions.swift */; };
		AA2EF7D42B825E9B006941BE /* CustomTextField.swift in Sources */ = {isa = PBXBuildFile; fileRef = AA2EF7CD2B825E9B006941BE /* CustomTextField.swift */; };
		AA2EF7D52B825E9B006941BE /* CustomFont.swift in Sources */ = {isa = PBXBuildFile; fileRef = AA2EF7CE2B825E9B006941BE /* CustomFont.swift */; };
		AA2EF7DE2B825EF9006941BE /* house.riv in Resources */ = {isa = PBXBuildFile; fileRef = AA2EF7D72B825EF9006941BE /* house.riv */; };
		AA2EF7DF2B825EF9006941BE /* confetti.riv in Resources */ = {isa = PBXBuildFile; fileRef = AA2EF7D82B825EF9006941BE /* confetti.riv */; };
		AA2EF7E02B825EF9006941BE /* check.riv in Resources */ = {isa = PBXBuildFile; fileRef = AA2EF7D92B825EF9006941BE /* check.riv */; };
		AA2EF7E12B825EF9006941BE /* menu_button.riv in Resources */ = {isa = PBXBuildFile; fileRef = AA2EF7DA2B825EF9006941BE /* menu_button.riv */; };
		AA2EF7E22B825EF9006941BE /* shapes.riv in Resources */ = {isa = PBXBuildFile; fileRef = AA2EF7DB2B825EF9006941BE /* shapes.riv */; };
		AA2EF7E32B825EF9006941BE /* button.riv in Resources */ = {isa = PBXBuildFile; fileRef = AA2EF7DC2B825EF9006941BE /* button.riv */; };
		AA2EF7E42B825EF9006941BE /* icons.riv in Resources */ = {isa = PBXBuildFile; fileRef = AA2EF7DD2B825EF9006941BE /* icons.riv */; };
		AA2EF7F82B825F22006941BE /* Cafe24Oneprettynight-v2.0.ttf in Resources */ = {isa = PBXBuildFile; fileRef = AA2EF7ED2B825F22006941BE /* Cafe24Oneprettynight-v2.0.ttf */; };
		AA2EF7F92B825F22006941BE /* YUniverse-L.ttf in Resources */ = {isa = PBXBuildFile; fileRef = AA2EF7EE2B825F22006941BE /* YUniverse-L.ttf */; };
		AA2EF7FA2B825F22006941BE /* Inter-Regular.ttf in Resources */ = {isa = PBXBuildFile; fileRef = AA2EF7EF2B825F22006941BE /* Inter-Regular.ttf */; };
		AA2EF7FB2B825F22006941BE /* Poppins-Bold.ttf in Resources */ = {isa = PBXBuildFile; fileRef = AA2EF7F02B825F22006941BE /* Poppins-Bold.ttf */; };
		AA2EF7FC2B825F22006941BE /* Inter-SemiBold.ttf in Resources */ = {isa = PBXBuildFile; fileRef = AA2EF7F12B825F22006941BE /* Inter-SemiBold.ttf */; };
		AA2EF8222B82602F006941BE /* TabButton.swift in Sources */ = {isa = PBXBuildFile; fileRef = AA2EF7FE2B82602E006941BE /* TabButton.swift */; };
		AA2EF8232B82602F006941BE /* NewItems.swift in Sources */ = {isa = PBXBuildFile; fileRef = AA2EF7FF2B82602E006941BE /* NewItems.swift */; };
		AA2EF8242B82602F006941BE /* PlanetDetailView.swift in Sources */ = {isa = PBXBuildFile; fileRef = AA2EF8002B82602E006941BE /* PlanetDetailView.swift */; };
		AA2EF8252B82602F006941BE /* ChanelLookPage.swift in Sources */ = {isa = PBXBuildFile; fileRef = AA2EF8012B82602E006941BE /* ChanelLookPage.swift */; };
		AA2EF8262B82602F006941BE /* CustomCorner2.swift in Sources */ = {isa = PBXBuildFile; fileRef = AA2EF8022B82602E006941BE /* CustomCorner2.swift */; };
		AA2EF8272B82602F006941BE /* ArtistList.swift in Sources */ = {isa = PBXBuildFile; fileRef = AA2EF8032B82602E006941BE /* ArtistList.swift */; };
		AA2EF8282B82602F006941BE /* AlbumList.swift in Sources */ = {isa = PBXBuildFile; fileRef = AA2EF8042B82602E006941BE /* AlbumList.swift */; };
		AA2EF8292B82602F006941BE /* Brand.swift in Sources */ = {isa = PBXBuildFile; fileRef = AA2EF8052B82602E006941BE /* Brand.swift */; };
		AA2EF82A2B82602F006941BE /* ModelData.swift in Sources */ = {isa = PBXBuildFile; fileRef = AA2EF8062B82602E006941BE /* ModelData.swift */; };
		AA2EF82B2B82602F006941BE /* ColorButton.swift in Sources */ = {isa = PBXBuildFile; fileRef = AA2EF8072B82602E006941BE /* ColorButton.swift */; };
		AA2EF82C2B82602F006941BE /* ProfileView.swift in Sources */ = {isa = PBXBuildFile; fileRef = AA2EF8082B82602E006941BE /* ProfileView.swift */; };
		AA2EF82D2B82602F006941BE /* TabBarR.swift in Sources */ = {isa = PBXBuildFile; fileRef = AA2EF8092B82602E006941BE /* TabBarR.swift */; };
		AA2EF82E2B82602F006941BE /* PlanetModelData.swift in Sources */ = {isa = PBXBuildFile; fileRef = AA2EF80A2B82602E006941BE /* PlanetModelData.swift */; };
		AA2EF82F2B82602F006941BE /* SnapCarousel.swift in Sources */ = {isa = PBXBuildFile; fileRef = AA2EF80B2B82602E006941BE /* SnapCarousel.swift */; };
		AA2EF8302B82602F006941BE /* VideoDetailView.swift in Sources */ = {isa = PBXBuildFile; fileRef = AA2EF80C2B82602E006941BE /* VideoDetailView.swift */; };
		AA2EF8312B82602F006941BE /* PlanetHome.swift in Sources */ = {isa = PBXBuildFile; fileRef = AA2EF80D2B82602E006941BE /* PlanetHome.swift */; };
		AA2EF8322B82602F006941BE /* CustomCorner.swift in Sources */ = {isa = PBXBuildFile; fileRef = AA2EF80E2B82602E006941BE /* CustomCorner.swift */; };
		AA2EF8332B82602F006941BE /* Youtube222.swift in Sources */ = {isa = PBXBuildFile; fileRef = AA2EF80F2B82602E006941BE /* Youtube222.swift */; };
		AA2EF8342B82602F006941BE /* AccountView.swift in Sources */ = {isa = PBXBuildFile; fileRef = AA2EF8102B82602E006941BE /* AccountView.swift */; };
		AA2EF8352B82602F006941BE /* SettingsView.swift in Sources */ = {isa = PBXBuildFile; fileRef = AA2EF8112B82602E006941BE /* SettingsView.swift */; };
		AA2EF8362B82602F006941BE /* PlanetTapButton.swift in Sources */ = {isa = PBXBuildFile; fileRef = AA2EF8122B82602E006941BE /* PlanetTapButton.swift */; };
		AA2EF8372B82602F006941BE /* NoticeView.swift in Sources */ = {isa = PBXBuildFile; fileRef = AA2EF8132B82602E006941BE /* NoticeView.swift */; };
		AA2EF8382B82602F006941BE /* AlbumData.swift in Sources */ = {isa = PBXBuildFile; fileRef = AA2EF8142B82602E006941BE /* AlbumData.swift */; };
		AA2EF8392B82602F006941BE /* HomeViewW.swift in Sources */ = {isa = PBXBuildFile; fileRef = AA2EF8152B82602F006941BE /* HomeViewW.swift */; };
		AA2EF83A2B82602F006941BE /* LookpageHome.swift in Sources */ = {isa = PBXBuildFile; fileRef = AA2EF8162B82602F006941BE /* LookpageHome.swift */; };
		AA2EF83B2B82602F006941BE /* PlanetView.swift in Sources */ = {isa = PBXBuildFile; fileRef = AA2EF8172B82602F006941BE /* PlanetView.swift */; };
		AA2EF83C2B82602F006941BE /* OffsetModifier.swift in Sources */ = {isa = PBXBuildFile; fileRef = AA2EF8182B82602F006941BE /* OffsetModifier.swift */; };
		AA2EF83D2B82602F006941BE /* PodList.swift in Sources */ = {isa = PBXBuildFile; fileRef = AA2EF8192B82602F006941BE /* PodList.swift */; };
		AA2EF83E2B82602F006941BE /* YouTubeView.swift in Sources */ = {isa = PBXBuildFile; fileRef = AA2EF81A2B82602F006941BE /* YouTubeView.swift */; };
		AA2EF83F2B82602F006941BE /* LookPageDetailView.swift in Sources */ = {isa = PBXBuildFile; fileRef = AA2EF81B2B82602F006941BE /* LookPageDetailView.swift */; };
		AA2EF8402B82602F006941BE /* BagView.swift in Sources */ = {isa = PBXBuildFile; fileRef = AA2EF81C2B82602F006941BE /* BagView.swift */; };
		AA2EF8412B82602F006941BE /* Tab.swift in Sources */ = {isa = PBXBuildFile; fileRef = AA2EF81D2B82602F006941BE /* Tab.swift */; };
		AA2EF8422B82602F006941BE /* Person.swift in Sources */ = {isa = PBXBuildFile; fileRef = AA2EF81E2B82602F006941BE /* Person.swift */; };
		AA2EF8432B82602F006941BE /* silk.swift in Sources */ = {isa = PBXBuildFile; fileRef = AA2EF81F2B82602F006941BE /* silk.swift */; };
		AA2EF8442B82602F006941BE /* HomeProductsHero.swift in Sources */ = {isa = PBXBuildFile; fileRef = AA2EF8202B82602F006941BE /* HomeProductsHero.swift */; };
		AA2EF8452B82602F006941BE /* DetailView.swift in Sources */ = {isa = PBXBuildFile; fileRef = AA2EF8212B82602F006941BE /* DetailView.swift */; };
		AA2EF8472B82604E006941BE /* Assets.xcassets in Resources */ = {isa = PBXBuildFile; fileRef = AA2EF8462B82604E006941BE /* Assets.xcassets */; };
		AA2EF84A2B826399006941BE /* RiveRuntime in Frameworks */ = {isa = PBXBuildFile; productRef = AA2EF8492B826399006941BE /* RiveRuntime */; };
/* End PBXBuildFile section */

/* Begin PBXFileReference section */
		AA2EF7A12B825D35006941BE /* _AnimatedApp.app */ = {isa = PBXFileReference; explicitFileType = wrapper.application; includeInIndex = 0; path = _AnimatedApp.app; sourceTree = BUILT_PRODUCTS_DIR; };
		AA2EF7A42B825D35006941BE /* _AnimatedAppApp.swift */ = {isa = PBXFileReference; lastKnownFileType = sourcecode.swift; path = _AnimatedAppApp.swift; sourceTree = "<group>"; };
		AA2EF7AB2B825D36006941BE /* Preview Assets.xcassets */ = {isa = PBXFileReference; lastKnownFileType = folder.assetcatalog; path = "Preview Assets.xcassets"; sourceTree = "<group>"; };
		AA2EF7B32B825D72006941BE /* TabBar.swift */ = {isa = PBXFileReference; fileEncoding = 4; lastKnownFileType = sourcecode.swift; path = TabBar.swift; sourceTree = "<group>"; };
		AA2EF7B42B825D72006941BE /* SideMenu.swift */ = {isa = PBXFileReference; fileEncoding = 4; lastKnownFileType = sourcecode.swift; path = SideMenu.swift; sourceTree = "<group>"; };
		AA2EF7B52B825D72006941BE /* ContentView.swift */ = {isa = PBXFileReference; fileEncoding = 4; lastKnownFileType = sourcecode.swift; path = ContentView.swift; sourceTree = "<group>"; };
		AA2EF7BA2B825D99006941BE /* VCard.swift */ = {isa = PBXFileReference; fileEncoding = 4; lastKnownFileType = sourcecode.swift; path = VCard.swift; sourceTree = "<group>"; };
		AA2EF7BB2B825D99006941BE /* HCard.swift */ = {isa = PBXFileReference; fileEncoding = 4; lastKnownFileType = sourcecode.swift; path = HCard.swift; sourceTree = "<group>"; };
		AA2EF7BD2B825D9A006941BE /* HomeView.swift */ = {isa = PBXFileReference; fileEncoding = 4; lastKnownFileType = sourcecode.swift; path = HomeView.swift; sourceTree = "<group>"; };
		AA2EF7BE2B825D9A006941BE /* SignInView.swift */ = {isa = PBXFileReference; fileEncoding = 4; lastKnownFileType = sourcecode.swift; path = SignInView.swift; sourceTree = "<group>"; };
		AA2EF7BF2B825D9A006941BE /* OnboardingView.swift */ = {isa = PBXFileReference; fileEncoding = 4; lastKnownFileType = sourcecode.swift; path = OnboardingView.swift; sourceTree = "<group>"; };
		AA2EF7C62B825E9B006941BE /* HouseView.swift */ = {isa = PBXFileReference; fileEncoding = 4; lastKnownFileType = sourcecode.swift; path = HouseView.swift; sourceTree = "<group>"; };
		AA2EF7C82B825E9B006941BE /* CourseSection.swift */ = {isa = PBXFileReference; fileEncoding = 4; lastKnownFileType = sourcecode.swift; path = CourseSection.swift; sourceTree = "<group>"; };
		AA2EF7C92B825E9B006941BE /* Course.swift */ = {isa = PBXFileReference; fileEncoding = 4; lastKnownFileType = sourcecode.swift; path = Course.swift; sourceTree = "<group>"; };
		AA2EF7CB2B825E9B006941BE /* CustomButton.swift */ = {isa = PBXFileReference; fileEncoding = 4; lastKnownFileType = sourcecode.swift; path = CustomButton.swift; sourceTree = "<group>"; };
		AA2EF7CC2B825E9B006941BE /* Extensions.swift */ = {isa = PBXFileReference; fileEncoding = 4; lastKnownFileType = sourcecode.swift; path = Extensions.swift; sourceTree = "<group>"; };
		AA2EF7CD2B825E9B006941BE /* CustomTextField.swift */ = {isa = PBXFileReference; fileEncoding = 4; lastKnownFileType = sourcecode.swift; path = CustomTextField.swift; sourceTree = "<group>"; };
		AA2EF7CE2B825E9B006941BE /* CustomFont.swift */ = {isa = PBXFileReference; fileEncoding = 4; lastKnownFileType = sourcecode.swift; path = CustomFont.swift; sourceTree = "<group>"; };
		AA2EF7D72B825EF9006941BE /* house.riv */ = {isa = PBXFileReference; lastKnownFileType = file; path = house.riv; sourceTree = "<group>"; };
		AA2EF7D82B825EF9006941BE /* confetti.riv */ = {isa = PBXFileReference; lastKnownFileType = file; path = confetti.riv; sourceTree = "<group>"; };
		AA2EF7D92B825EF9006941BE /* check.riv */ = {isa = PBXFileReference; lastKnownFileType = file; path = check.riv; sourceTree = "<group>"; };
		AA2EF7DA2B825EF9006941BE /* menu_button.riv */ = {isa = PBXFileReference; lastKnownFileType = file; path = menu_button.riv; sourceTree = "<group>"; };
		AA2EF7DB2B825EF9006941BE /* shapes.riv */ = {isa = PBXFileReference; lastKnownFileType = file; path = shapes.riv; sourceTree = "<group>"; };
		AA2EF7DC2B825EF9006941BE /* button.riv */ = {isa = PBXFileReference; lastKnownFileType = file; path = button.riv; sourceTree = "<group>"; };
		AA2EF7DD2B825EF9006941BE /* icons.riv */ = {isa = PBXFileReference; lastKnownFileType = file; path = icons.riv; sourceTree = "<group>"; };
		AA2EF7ED2B825F22006941BE /* Cafe24Oneprettynight-v2.0.ttf */ = {isa = PBXFileReference; lastKnownFileType = file; path = "Cafe24Oneprettynight-v2.0.ttf"; sourceTree = "<group>"; };
		AA2EF7EE2B825F22006941BE /* YUniverse-L.ttf */ = {isa = PBXFileReference; lastKnownFileType = file; path = "YUniverse-L.ttf"; sourceTree = "<group>"; };
		AA2EF7EF2B825F22006941BE /* Inter-Regular.ttf */ = {isa = PBXFileReference; lastKnownFileType = file; path = "Inter-Regular.ttf"; sourceTree = "<group>"; };
		AA2EF7F02B825F22006941BE /* Poppins-Bold.ttf */ = {isa = PBXFileReference; lastKnownFileType = file; path = "Poppins-Bold.ttf"; sourceTree = "<group>"; };
		AA2EF7F12B825F22006941BE /* Inter-SemiBold.ttf */ = {isa = PBXFileReference; lastKnownFileType = file; path = "Inter-SemiBold.ttf"; sourceTree = "<group>"; };
		AA2EF7FE2B82602E006941BE /* TabButton.swift */ = {isa = PBXFileReference; fileEncoding = 4; lastKnownFileType = sourcecode.swift; path = TabButton.swift; sourceTree = "<group>"; };
		AA2EF7FF2B82602E006941BE /* NewItems.swift */ = {isa = PBXFileReference; fileEncoding = 4; lastKnownFileType = sourcecode.swift; path = NewItems.swift; sourceTree = "<group>"; };
		AA2EF8002B82602E006941BE /* PlanetDetailView.swift */ = {isa = PBXFileReference; fileEncoding = 4; lastKnownFileType = sourcecode.swift; path = PlanetDetailView.swift; sourceTree = "<group>"; };
		AA2EF8012B82602E006941BE /* ChanelLookPage.swift */ = {isa = PBXFileReference; fileEncoding = 4; lastKnownFileType = sourcecode.swift; path = ChanelLookPage.swift; sourceTree = "<group>"; };
		AA2EF8022B82602E006941BE /* CustomCorner2.swift */ = {isa = PBXFileReference; fileEncoding = 4; lastKnownFileType = sourcecode.swift; path = CustomCorner2.swift; sourceTree = "<group>"; };
		AA2EF8032B82602E006941BE /* ArtistList.swift */ = {isa = PBXFileReference; fileEncoding = 4; lastKnownFileType = sourcecode.swift; path = ArtistList.swift; sourceTree = "<group>"; };
		AA2EF8042B82602E006941BE /* AlbumList.swift */ = {isa = PBXFileReference; fileEncoding = 4; lastKnownFileType = sourcecode.swift; path = AlbumList.swift; sourceTree = "<group>"; };
		AA2EF8052B82602E006941BE /* Brand.swift */ = {isa = PBXFileReference; fileEncoding = 4; lastKnownFileType = sourcecode.swift; path = Brand.swift; sourceTree = "<group>"; };
		AA2EF8062B82602E006941BE /* ModelData.swift */ = {isa = PBXFileReference; fileEncoding = 4; lastKnownFileType = sourcecode.swift; path = ModelData.swift; sourceTree = "<group>"; };
		AA2EF8072B82602E006941BE /* ColorButton.swift */ = {isa = PBXFileReference; fileEncoding = 4; lastKnownFileType = sourcecode.swift; path = ColorButton.swift; sourceTree = "<group>"; };
		AA2EF8082B82602E006941BE /* ProfileView.swift */ = {isa = PBXFileReference; fileEncoding = 4; lastKnownFileType = sourcecode.swift; path = ProfileView.swift; sourceTree = "<group>"; };
		AA2EF8092B82602E006941BE /* TabBarR.swift */ = {isa = PBXFileReference; fileEncoding = 4; lastKnownFileType = sourcecode.swift; path = TabBarR.swift; sourceTree = "<group>"; };
		AA2EF80A2B82602E006941BE /* PlanetModelData.swift */ = {isa = PBXFileReference; fileEncoding = 4; lastKnownFileType = sourcecode.swift; path = PlanetModelData.swift; sourceTree = "<group>"; };
		AA2EF80B2B82602E006941BE /* SnapCarousel.swift */ = {isa = PBXFileReference; fileEncoding = 4; lastKnownFileType = sourcecode.swift; path = SnapCarousel.swift; sourceTree = "<group>"; };
		AA2EF80C2B82602E006941BE /* VideoDetailView.swift */ = {isa = PBXFileReference; fileEncoding = 4; lastKnownFileType = sourcecode.swift; path = VideoDetailView.swift; sourceTree = "<group>"; };
		AA2EF80D2B82602E006941BE /* PlanetHome.swift */ = {isa = PBXFileReference; fileEncoding = 4; lastKnownFileType = sourcecode.swift; path = PlanetHome.swift; sourceTree = "<group>"; };
		AA2EF80E2B82602E006941BE /* CustomCorner.swift */ = {isa = PBXFileReference; fileEncoding = 4; lastKnownFileType = sourcecode.swift; path = CustomCorner.swift; sourceTree = "<group>"; };
		AA2EF80F2B82602E006941BE /* Youtube222.swift */ = {isa = PBXFileReference; fileEncoding = 4; lastKnownFileType = sourcecode.swift; path = Youtube222.swift; sourceTree = "<group>"; };
		AA2EF8102B82602E006941BE /* AccountView.swift */ = {isa = PBXFileReference; fileEncoding = 4; lastKnownFileType = sourcecode.swift; path = AccountView.swift; sourceTree = "<group>"; };
		AA2EF8112B82602E006941BE /* SettingsView.swift */ = {isa = PBXFileReference; fileEncoding = 4; lastKnownFileType = sourcecode.swift; path = SettingsView.swift; sourceTree = "<group>"; };
		AA2EF8122B82602E006941BE /* PlanetTapButton.swift */ = {isa = PBXFileReference; fileEncoding = 4; lastKnownFileType = sourcecode.swift; path = PlanetTapButton.swift; sourceTree = "<group>"; };
		AA2EF8132B82602E006941BE /* NoticeView.swift */ = {isa = PBXFileReference; fileEncoding = 4; lastKnownFileType = sourcecode.swift; path = NoticeView.swift; sourceTree = "<group>"; };
		AA2EF8142B82602E006941BE /* AlbumData.swift */ = {isa = PBXFileReference; fileEncoding = 4; lastKnownFileType = sourcecode.swift; path = AlbumData.swift; sourceTree = "<group>"; };
		AA2EF8152B82602F006941BE /* HomeViewW.swift */ = {isa = PBXFileReference; fileEncoding = 4; lastKnownFileType = sourcecode.swift; path = HomeViewW.swift; sourceTree = "<group>"; };
		AA2EF8162B82602F006941BE /* LookpageHome.swift */ = {isa = PBXFileReference; fileEncoding = 4; lastKnownFileType = sourcecode.swift; path = LookpageHome.swift; sourceTree = "<group>"; };
		AA2EF8172B82602F006941BE /* PlanetView.swift */ = {isa = PBXFileReference; fileEncoding = 4; lastKnownFileType = sourcecode.swift; path = PlanetView.swift; sourceTree = "<group>"; };
		AA2EF8182B82602F006941BE /* OffsetModifier.swift */ = {isa = PBXFileReference; fileEncoding = 4; lastKnownFileType = sourcecode.swift; path = OffsetModifier.swift; sourceTree = "<group>"; };
		AA2EF8192B82602F006941BE /* PodList.swift */ = {isa = PBXFileReference; fileEncoding = 4; lastKnownFileType = sourcecode.swift; path = PodList.swift; sourceTree = "<group>"; };
		AA2EF81A2B82602F006941BE /* YouTubeView.swift */ = {isa = PBXFileReference; fileEncoding = 4; lastKnownFileType = sourcecode.swift; path = YouTubeView.swift; sourceTree = "<group>"; };
		AA2EF81B2B82602F006941BE /* LookPageDetailView.swift */ = {isa = PBXFileReference; fileEncoding = 4; lastKnownFileType = sourcecode.swift; path = LookPageDetailView.swift; sourceTree = "<group>"; };
		AA2EF81C2B82602F006941BE /* BagView.swift */ = {isa = PBXFileReference; fileEncoding = 4; lastKnownFileType = sourcecode.swift; path = BagView.swift; sourceTree = "<group>"; };
		AA2EF81D2B82602F006941BE /* Tab.swift */ = {isa = PBXFileReference; fileEncoding = 4; lastKnownFileType = sourcecode.swift; path = Tab.swift; sourceTree = "<group>"; };
		AA2EF81E2B82602F006941BE /* Person.swift */ = {isa = PBXFileReference; fileEncoding = 4; lastKnownFileType = sourcecode.swift; path = Person.swift; sourceTree = "<group>"; };
		AA2EF81F2B82602F006941BE /* silk.swift */ = {isa = PBXFileReference; fileEncoding = 4; lastKnownFileType = sourcecode.swift; path = silk.swift; sourceTree = "<group>"; };
		AA2EF8202B82602F006941BE /* HomeProductsHero.swift */ = {isa = PBXFileReference; fileEncoding = 4; lastKnownFileType = sourcecode.swift; path = HomeProductsHero.swift; sourceTree = "<group>"; };
		AA2EF8212B82602F006941BE /* DetailView.swift */ = {isa = PBXFileReference; fileEncoding = 4; lastKnownFileType = sourcecode.swift; path = DetailView.swift; sourceTree = "<group>"; };
		AA2EF8462B82604E006941BE /* Assets.xcassets */ = {isa = PBXFileReference; lastKnownFileType = folder.assetcatalog; name = Assets.xcassets; path = "../../SwiftUI Animations/Xcode Final/AnimatedApp/Fonts/SLAY/Assets.xcassets"; sourceTree = "<group>"; };
/* End PBXFileReference section */

/* Begin PBXFrameworksBuildPhase section */
		AA2EF79E2B825D35006941BE /* Frameworks */ = {
			isa = PBXFrameworksBuildPhase;
			buildActionMask = 2147483647;
			files = (
				AA2EF84A2B826399006941BE /* RiveRuntime in Frameworks */,
			);
			runOnlyForDeploymentPostprocessing = 0;
		};
/* End PBXFrameworksBuildPhase section */

/* Begin PBXGroup section */
		AA2EF7982B825D35006941BE = {
			isa = PBXGroup;
			children = (
				AA2EF7A32B825D35006941BE /* _AnimatedApp */,
				AA2EF7A22B825D35006941BE /* Products */,
			);
			sourceTree = "<group>";
		};
		AA2EF7A22B825D35006941BE /* Products */ = {
			isa = PBXGroup;
			children = (
				AA2EF7A12B825D35006941BE /* _AnimatedApp.app */,
			);
			name = Products;
			sourceTree = "<group>";
		};
		AA2EF7A32B825D35006941BE /* _AnimatedApp */ = {
			isa = PBXGroup;
			children = (
				AA2EF7A42B825D35006941BE /* _AnimatedAppApp.swift */,
				AA2EF7FD2B825FAD006941BE /* SLAY */,
				AA2EF7B22B825D72006941BE /* Navigation */,
				AA2EF7B92B825D99006941BE /* Components */,
				AA2EF7BC2B825D9A006941BE /* Views */,
				AA2EF7C52B825E9B006941BE /* Demo */,
				AA2EF7C72B825E9B006941BE /* Model */,
				AA2EF7CA2B825E9B006941BE /* Styles */,
				AA2EF7D62B825EF9006941BE /* RiveAssets */,
				AA2EF7E52B825F22006941BE /* Fonts */,
				AA2EF8462B82604E006941BE /* Assets.xcassets */,
				AA2EF7AA2B825D36006941BE /* Preview Content */,
			);
			path = _AnimatedApp;
			sourceTree = "<group>";
		};
		AA2EF7AA2B825D36006941BE /* Preview Content */ = {
			isa = PBXGroup;
			children = (
				AA2EF7AB2B825D36006941BE /* Preview Assets.xcassets */,
			);
			path = "Preview Content";
			sourceTree = "<group>";
		};
		AA2EF7B22B825D72006941BE /* Navigation */ = {
			isa = PBXGroup;
			children = (
				AA2EF7B32B825D72006941BE /* TabBar.swift */,
				AA2EF7B42B825D72006941BE /* SideMenu.swift */,
				AA2EF7B52B825D72006941BE /* ContentView.swift */,
			);
			path = Navigation;
			sourceTree = "<group>";
		};
		AA2EF7B92B825D99006941BE /* Components */ = {
			isa = PBXGroup;
			children = (
				AA2EF7BA2B825D99006941BE /* VCard.swift */,
				AA2EF7BB2B825D99006941BE /* HCard.swift */,
			);
			path = Components;
			sourceTree = "<group>";
		};
		AA2EF7BC2B825D9A006941BE /* Views */ = {
			isa = PBXGroup;
			children = (
				AA2EF7BD2B825D9A006941BE /* HomeView.swift */,
				AA2EF7BE2B825D9A006941BE /* SignInView.swift */,
				AA2EF7BF2B825D9A006941BE /* OnboardingView.swift */,
			);
			path = Views;
			sourceTree = "<group>";
		};
		AA2EF7C52B825E9B006941BE /* Demo */ = {
			isa = PBXGroup;
			children = (
				AA2EF7C62B825E9B006941BE /* HouseView.swift */,
			);
			path = Demo;
			sourceTree = "<group>";
		};
		AA2EF7C72B825E9B006941BE /* Model */ = {
			isa = PBXGroup;
			children = (
				AA2EF7C82B825E9B006941BE /* CourseSection.swift */,
				AA2EF7C92B825E9B006941BE /* Course.swift */,
			);
			path = Model;
			sourceTree = "<group>";
		};
		AA2EF7CA2B825E9B006941BE /* Styles */ = {
			isa = PBXGroup;
			children = (
				AA2EF7CB2B825E9B006941BE /* CustomButton.swift */,
				AA2EF7CC2B825E9B006941BE /* Extensions.swift */,
				AA2EF7CD2B825E9B006941BE /* CustomTextField.swift */,
				AA2EF7CE2B825E9B006941BE /* CustomFont.swift */,
			);
			path = Styles;
			sourceTree = "<group>";
		};
		AA2EF7D62B825EF9006941BE /* RiveAssets */ = {
			isa = PBXGroup;
			children = (
				AA2EF7D72B825EF9006941BE /* house.riv */,
				AA2EF7D82B825EF9006941BE /* confetti.riv */,
				AA2EF7D92B825EF9006941BE /* check.riv */,
				AA2EF7DA2B825EF9006941BE /* menu_button.riv */,
				AA2EF7DB2B825EF9006941BE /* shapes.riv */,
				AA2EF7DC2B825EF9006941BE /* button.riv */,
				AA2EF7DD2B825EF9006941BE /* icons.riv */,
			);
			path = RiveAssets;
			sourceTree = "<group>";
		};
		AA2EF7E52B825F22006941BE /* Fonts */ = {
			isa = PBXGroup;
			children = (
				AA2EF7ED2B825F22006941BE /* Cafe24Oneprettynight-v2.0.ttf */,
				AA2EF7EE2B825F22006941BE /* YUniverse-L.ttf */,
				AA2EF7EF2B825F22006941BE /* Inter-Regular.ttf */,
				AA2EF7F02B825F22006941BE /* Poppins-Bold.ttf */,
				AA2EF7F12B825F22006941BE /* Inter-SemiBold.ttf */,
			);
			path = Fonts;
			sourceTree = "<group>";
		};
		AA2EF7FD2B825FAD006941BE /* SLAY */ = {
			isa = PBXGroup;
			children = (
				AA2EF8102B82602E006941BE /* AccountView.swift */,
				AA2EF8142B82602E006941BE /* AlbumData.swift */,
				AA2EF8042B82602E006941BE /* AlbumList.swift */,
				AA2EF8032B82602E006941BE /* ArtistList.swift */,
				AA2EF81C2B82602F006941BE /* BagView.swift */,
				AA2EF8052B82602E006941BE /* Brand.swift */,
				AA2EF8012B82602E006941BE /* ChanelLookPage.swift */,
				AA2EF8072B82602E006941BE /* ColorButton.swift */,
				AA2EF80E2B82602E006941BE /* CustomCorner.swift */,
				AA2EF8022B82602E006941BE /* CustomCorner2.swift */,
				AA2EF8212B82602F006941BE /* DetailView.swift */,
				AA2EF8202B82602F006941BE /* HomeProductsHero.swift */,
				AA2EF8152B82602F006941BE /* HomeViewW.swift */,
				AA2EF81B2B82602F006941BE /* LookPageDetailView.swift */,
				AA2EF8162B82602F006941BE /* LookpageHome.swift */,
				AA2EF8062B82602E006941BE /* ModelData.swift */,
				AA2EF7FF2B82602E006941BE /* NewItems.swift */,
				AA2EF8132B82602E006941BE /* NoticeView.swift */,
				AA2EF8182B82602F006941BE /* OffsetModifier.swift */,
				AA2EF81E2B82602F006941BE /* Person.swift */,
				AA2EF8002B82602E006941BE /* PlanetDetailView.swift */,
				AA2EF80D2B82602E006941BE /* PlanetHome.swift */,
				AA2EF80A2B82602E006941BE /* PlanetModelData.swift */,
				AA2EF8122B82602E006941BE /* PlanetTapButton.swift */,
				AA2EF8172B82602F006941BE /* PlanetView.swift */,
				AA2EF8192B82602F006941BE /* PodList.swift */,
				AA2EF8082B82602E006941BE /* ProfileView.swift */,
				AA2EF8112B82602E006941BE /* SettingsView.swift */,
				AA2EF81F2B82602F006941BE /* silk.swift */,
				AA2EF80B2B82602E006941BE /* SnapCarousel.swift */,
				AA2EF81D2B82602F006941BE /* Tab.swift */,
				AA2EF8092B82602E006941BE /* TabBarR.swift */,
				AA2EF7FE2B82602E006941BE /* TabButton.swift */,
				AA2EF80C2B82602E006941BE /* VideoDetailView.swift */,
				AA2EF80F2B82602E006941BE /* Youtube222.swift */,
				AA2EF81A2B82602F006941BE /* YouTubeView.swift */,
			);
			path = SLAY;
			sourceTree = "<group>";
		};
/* End PBXGroup section */

/* Begin PBXNativeTarget section */
		AA2EF7A02B825D35006941BE /* _AnimatedApp */ = {
			isa = PBXNativeTarget;
			buildConfigurationList = AA2EF7AF2B825D36006941BE /* Build configuration list for PBXNativeTarget "_AnimatedApp" */;
			buildPhases = (
				AA2EF79D2B825D35006941BE /* Sources */,
				AA2EF79E2B825D35006941BE /* Frameworks */,
				AA2EF79F2B825D35006941BE /* Resources */,
			);
			buildRules = (
			);
			dependencies = (
			);
			name = _AnimatedApp;
			packageProductDependencies = (
				AA2EF8492B826399006941BE /* RiveRuntime */,
			);
			productName = _AnimatedApp;
			productReference = AA2EF7A12B825D35006941BE /* _AnimatedApp.app */;
			productType = "com.apple.product-type.application";
		};
/* End PBXNativeTarget section */

/* Begin PBXProject section */
		AA2EF7992B825D35006941BE /* Project object */ = {
			isa = PBXProject;
			attributes = {
				BuildIndependentTargetsInParallel = 1;
				LastSwiftUpdateCheck = 1500;
				LastUpgradeCheck = 1500;
				TargetAttributes = {
					AA2EF7A02B825D35006941BE = {
						CreatedOnToolsVersion = 15.0;
					};
				};
			};
			buildConfigurationList = AA2EF79C2B825D35006941BE /* Build configuration list for PBXProject "_AnimatedApp" */;
			compatibilityVersion = "Xcode 14.0";
			developmentRegion = en;
			hasScannedForEncodings = 0;
			knownRegions = (
				en,
				Base,
			);
			mainGroup = AA2EF7982B825D35006941BE;
			packageReferences = (
				AA2EF8482B826399006941BE /* XCRemoteSwiftPackageReference "rive-ios" */,
			);
			productRefGroup = AA2EF7A22B825D35006941BE /* Products */;
			projectDirPath = "";
			projectRoot = "";
			targets = (
				AA2EF7A02B825D35006941BE /* _AnimatedApp */,
			);
		};
/* End PBXProject section */

/* Begin PBXResourcesBuildPhase section */
		AA2EF79F2B825D35006941BE /* Resources */ = {
			isa = PBXResourcesBuildPhase;
			buildActionMask = 2147483647;
			files = (
				AA2EF7E22B825EF9006941BE /* shapes.riv in Resources */,
				AA2EF7E02B825EF9006941BE /* check.riv in Resources */,
				AA2EF7F92B825F22006941BE /* YUniverse-L.ttf in Resources */,
				AA2EF7FC2B825F22006941BE /* Inter-SemiBold.ttf in Resources */,
				AA2EF8472B82604E006941BE /* Assets.xcassets in Resources */,
				AA2EF7AC2B825D36006941BE /* Preview Assets.xcassets in Resources */,
				AA2EF7E12B825EF9006941BE /* menu_button.riv in Resources */,
				AA2EF7DE2B825EF9006941BE /* house.riv in Resources */,
				AA2EF7E32B825EF9006941BE /* button.riv in Resources */,
				AA2EF7FA2B825F22006941BE /* Inter-Regular.ttf in Resources */,
				AA2EF7FB2B825F22006941BE /* Poppins-Bold.ttf in Resources */,
				AA2EF7F82B825F22006941BE /* Cafe24Oneprettynight-v2.0.ttf in Resources */,
				AA2EF7DF2B825EF9006941BE /* confetti.riv in Resources */,
				AA2EF7E42B825EF9006941BE /* icons.riv in Resources */,
			);
			runOnlyForDeploymentPostprocessing = 0;
		};
/* End PBXResourcesBuildPhase section */

/* Begin PBXSourcesBuildPhase section */
		AA2EF79D2B825D35006941BE /* Sources */ = {
			isa = PBXSourcesBuildPhase;
			buildActionMask = 2147483647;
			files = (
				AA2EF8422B82602F006941BE /* Person.swift in Sources */,
				AA2EF8372B82602F006941BE /* NoticeView.swift in Sources */,
				AA2EF7D12B825E9B006941BE /* Course.swift in Sources */,
				AA2EF8232B82602F006941BE /* NewItems.swift in Sources */,
				AA2EF7C32B825D9A006941BE /* SignInView.swift in Sources */,
				AA2EF82E2B82602F006941BE /* PlanetModelData.swift in Sources */,
				AA2EF82A2B82602F006941BE /* ModelData.swift in Sources */,
				AA2EF83E2B82602F006941BE /* YouTubeView.swift in Sources */,
				AA2EF8242B82602F006941BE /* PlanetDetailView.swift in Sources */,
				AA2EF8352B82602F006941BE /* SettingsView.swift in Sources */,
				AA2EF7D52B825E9B006941BE /* CustomFont.swift in Sources */,
				AA2EF82B2B82602F006941BE /* ColorButton.swift in Sources */,
				AA2EF83B2B82602F006941BE /* PlanetView.swift in Sources */,
				AA2EF7C02B825D9A006941BE /* VCard.swift in Sources */,
				AA2EF7B62B825D72006941BE /* TabBar.swift in Sources */,
				AA2EF7D42B825E9B006941BE /* CustomTextField.swift in Sources */,
				AA2EF82D2B82602F006941BE /* TabBarR.swift in Sources */,
				AA2EF83F2B82602F006941BE /* LookPageDetailView.swift in Sources */,
				AA2EF7D22B825E9B006941BE /* CustomButton.swift in Sources */,
				AA2EF8312B82602F006941BE /* PlanetHome.swift in Sources */,
				AA2EF82F2B82602F006941BE /* SnapCarousel.swift in Sources */,
				AA2EF7CF2B825E9B006941BE /* HouseView.swift in Sources */,
				AA2EF82C2B82602F006941BE /* ProfileView.swift in Sources */,
				AA2EF8332B82602F006941BE /* Youtube222.swift in Sources */,
				AA2EF83C2B82602F006941BE /* OffsetModifier.swift in Sources */,
				AA2EF8362B82602F006941BE /* PlanetTapButton.swift in Sources */,
				AA2EF8382B82602F006941BE /* AlbumData.swift in Sources */,
				AA2EF7D02B825E9B006941BE /* CourseSection.swift in Sources */,
				AA2EF8452B82602F006941BE /* DetailView.swift in Sources */,
				AA2EF83D2B82602F006941BE /* PodList.swift in Sources */,
				AA2EF8222B82602F006941BE /* TabButton.swift in Sources */,
				AA2EF8402B82602F006941BE /* BagView.swift in Sources */,
				AA2EF7C42B825D9A006941BE /* OnboardingView.swift in Sources */,
				AA2EF7B82B825D72006941BE /* ContentView.swift in Sources */,
				AA2EF83A2B82602F006941BE /* LookpageHome.swift in Sources */,
				AA2EF8322B82602F006941BE /* CustomCorner.swift in Sources */,
				AA2EF8412B82602F006941BE /* Tab.swift in Sources */,
				AA2EF8442B82602F006941BE /* HomeProductsHero.swift in Sources */,
				AA2EF8392B82602F006941BE /* HomeViewW.swift in Sources */,
				AA2EF8342B82602F006941BE /* AccountView.swift in Sources */,
				AA2EF8302B82602F006941BE /* VideoDetailView.swift in Sources */,
				AA2EF8282B82602F006941BE /* AlbumList.swift in Sources */,
				AA2EF8252B82602F006941BE /* ChanelLookPage.swift in Sources */,
				AA2EF7D32B825E9B006941BE /* Extensions.swift in Sources */,
				AA2EF8292B82602F006941BE /* Brand.swift in Sources */,
				AA2EF7C12B825D9A006941BE /* HCard.swift in Sources */,
				AA2EF7C22B825D9A006941BE /* HomeView.swift in Sources */,
				AA2EF7A52B825D35006941BE /* _AnimatedAppApp.swift in Sources */,
				AA2EF8262B82602F006941BE /* CustomCorner2.swift in Sources */,
				AA2EF8272B82602F006941BE /* ArtistList.swift in Sources */,
				AA2EF8432B82602F006941BE /* silk.swift in Sources */,
				AA2EF7B72B825D72006941BE /* SideMenu.swift in Sources */,
			);
			runOnlyForDeploymentPostprocessing = 0;
		};
/* End PBXSourcesBuildPhase section */

/* Begin XCBuildConfiguration section */
		AA2EF7AD2B825D36006941BE /* Debug */ = {
			isa = XCBuildConfiguration;
			buildSettings = {
				ALWAYS_SEARCH_USER_PATHS = NO;
				ASSETCATALOG_COMPILER_GENERATE_SWIFT_ASSET_SYMBOL_EXTENSIONS = YES;
				CLANG_ANALYZER_NONNULL = YES;
				CLANG_ANALYZER_NUMBER_OBJECT_CONVERSION = YES_AGGRESSIVE;
				CLANG_CXX_LANGUAGE_STANDARD = "gnu++20";
				CLANG_ENABLE_MODULES = YES;
				CLANG_ENABLE_OBJC_ARC = YES;
				CLANG_ENABLE_OBJC_WEAK = YES;
				CLANG_WARN_BLOCK_CAPTURE_AUTORELEASING = YES;
				CLANG_WARN_BOOL_CONVERSION = YES;
				CLANG_WARN_COMMA = YES;
				CLANG_WARN_CONSTANT_CONVERSION = YES;
				CLANG_WARN_DEPRECATED_OBJC_IMPLEMENTATIONS = YES;
				CLANG_WARN_DIRECT_OBJC_ISA_USAGE = YES_ERROR;
				CLANG_WARN_DOCUMENTATION_COMMENTS = YES;
				CLANG_WARN_EMPTY_BODY = YES;
				CLANG_WARN_ENUM_CONVERSION = YES;
				CLANG_WARN_INFINITE_RECURSION = YES;
				CLANG_WARN_INT_CONVERSION = YES;
				CLANG_WARN_NON_LITERAL_NULL_CONVERSION = YES;
				CLANG_WARN_OBJC_IMPLICIT_RETAIN_SELF = YES;
				CLANG_WARN_OBJC_LITERAL_CONVERSION = YES;
				CLANG_WARN_OBJC_ROOT_CLASS = YES_ERROR;
				CLANG_WARN_QUOTED_INCLUDE_IN_FRAMEWORK_HEADER = YES;
				CLANG_WARN_RANGE_LOOP_ANALYSIS = YES;
				CLANG_WARN_STRICT_PROTOTYPES = YES;
				CLANG_WARN_SUSPICIOUS_MOVE = YES;
				CLANG_WARN_UNGUARDED_AVAILABILITY = YES_AGGRESSIVE;
				CLANG_WARN_UNREACHABLE_CODE = YES;
				CLANG_WARN__DUPLICATE_METHOD_MATCH = YES;
				COPY_PHASE_STRIP = NO;
				DEBUG_INFORMATION_FORMAT = dwarf;
				ENABLE_STRICT_OBJC_MSGSEND = YES;
				ENABLE_TESTABILITY = YES;
				ENABLE_USER_SCRIPT_SANDBOXING = YES;
				GCC_C_LANGUAGE_STANDARD = gnu17;
				GCC_DYNAMIC_NO_PIC = NO;
				GCC_NO_COMMON_BLOCKS = YES;
				GCC_OPTIMIZATION_LEVEL = 0;
				GCC_PREPROCESSOR_DEFINITIONS = (
					"DEBUG=1",
					"$(inherited)",
				);
				GCC_WARN_64_TO_32_BIT_CONVERSION = YES;
				GCC_WARN_ABOUT_RETURN_TYPE = YES_ERROR;
				GCC_WARN_UNDECLARED_SELECTOR = YES;
				GCC_WARN_UNINITIALIZED_AUTOS = YES_AGGRESSIVE;
				GCC_WARN_UNUSED_FUNCTION = YES;
				GCC_WARN_UNUSED_VARIABLE = YES;
				IPHONEOS_DEPLOYMENT_TARGET = 17.0;
				LOCALIZATION_PREFERS_STRING_CATALOGS = YES;
				MTL_ENABLE_DEBUG_INFO = INCLUDE_SOURCE;
				MTL_FAST_MATH = YES;
				ONLY_ACTIVE_ARCH = YES;
				SDKROOT = iphoneos;
				SWIFT_ACTIVE_COMPILATION_CONDITIONS = "DEBUG $(inherited)";
				SWIFT_OPTIMIZATION_LEVEL = "-Onone";
			};
			name = Debug;
		};
		AA2EF7AE2B825D36006941BE /* Release */ = {
			isa = XCBuildConfiguration;
			buildSettings = {
				ALWAYS_SEARCH_USER_PATHS = NO;
				ASSETCATALOG_COMPILER_GENERATE_SWIFT_ASSET_SYMBOL_EXTENSIONS = YES;
				CLANG_ANALYZER_NONNULL = YES;
				CLANG_ANALYZER_NUMBER_OBJECT_CONVERSION = YES_AGGRESSIVE;
				CLANG_CXX_LANGUAGE_STANDARD = "gnu++20";
				CLANG_ENABLE_MODULES = YES;
				CLANG_ENABLE_OBJC_ARC = YES;
				CLANG_ENABLE_OBJC_WEAK = YES;
				CLANG_WARN_BLOCK_CAPTURE_AUTORELEASING = YES;
				CLANG_WARN_BOOL_CONVERSION = YES;
				CLANG_WARN_COMMA = YES;
				CLANG_WARN_CONSTANT_CONVERSION = YES;
				CLANG_WARN_DEPRECATED_OBJC_IMPLEMENTATIONS = YES;
				CLANG_WARN_DIRECT_OBJC_ISA_USAGE = YES_ERROR;
				CLANG_WARN_DOCUMENTATION_COMMENTS = YES;
				CLANG_WARN_EMPTY_BODY = YES;
				CLANG_WARN_ENUM_CONVERSION = YES;
				CLANG_WARN_INFINITE_RECURSION = YES;
				CLANG_WARN_INT_CONVERSION = YES;
				CLANG_WARN_NON_LITERAL_NULL_CONVERSION = YES;
				CLANG_WARN_OBJC_IMPLICIT_RETAIN_SELF = YES;
				CLANG_WARN_OBJC_LITERAL_CONVERSION = YES;
				CLANG_WARN_OBJC_ROOT_CLASS = YES_ERROR;
				CLANG_WARN_QUOTED_INCLUDE_IN_FRAMEWORK_HEADER = YES;
				CLANG_WARN_RANGE_LOOP_ANALYSIS = YES;
				CLANG_WARN_STRICT_PROTOTYPES = YES;
				CLANG_WARN_SUSPICIOUS_MOVE = YES;
				CLANG_WARN_UNGUARDED_AVAILABILITY = YES_AGGRESSIVE;
				CLANG_WARN_UNREACHABLE_CODE = YES;
				CLANG_WARN__DUPLICATE_METHOD_MATCH = YES;
				COPY_PHASE_STRIP = NO;
				DEBUG_INFORMATION_FORMAT = "dwarf-with-dsym";
				ENABLE_NS_ASSERTIONS = NO;
				ENABLE_STRICT_OBJC_MSGSEND = YES;
				ENABLE_USER_SCRIPT_SANDBOXING = YES;
				GCC_C_LANGUAGE_STANDARD = gnu17;
				GCC_NO_COMMON_BLOCKS = YES;
				GCC_WARN_64_TO_32_BIT_CONVERSION = YES;
				GCC_WARN_ABOUT_RETURN_TYPE = YES_ERROR;
				GCC_WARN_UNDECLARED_SELECTOR = YES;
				GCC_WARN_UNINITIALIZED_AUTOS = YES_AGGRESSIVE;
				GCC_WARN_UNUSED_FUNCTION = YES;
				GCC_WARN_UNUSED_VARIABLE = YES;
				IPHONEOS_DEPLOYMENT_TARGET = 17.0;
				LOCALIZATION_PREFERS_STRING_CATALOGS = YES;
				MTL_ENABLE_DEBUG_INFO = NO;
				MTL_FAST_MATH = YES;
				SDKROOT = iphoneos;
				SWIFT_COMPILATION_MODE = wholemodule;
				VALIDATE_PRODUCT = YES;
			};
			name = Release;
		};
		AA2EF7B02B825D36006941BE /* Debug */ = {
			isa = XCBuildConfiguration;
			buildSettings = {
				ASSETCATALOG_COMPILER_APPICON_NAME = AppIcon;
				ASSETCATALOG_COMPILER_GLOBAL_ACCENT_COLOR_NAME = AccentColor;
				CODE_SIGN_STYLE = Automatic;
				CURRENT_PROJECT_VERSION = 1;
				DEVELOPMENT_ASSET_PATHS = "\"_AnimatedApp/Preview Content\"";
				DEVELOPMENT_TEAM = 4KLMMMFY4D;
				ENABLE_PREVIEWS = YES;
				GENERATE_INFOPLIST_FILE = YES;
				INFOPLIST_KEY_UIApplicationSceneManifest_Generation = YES;
				INFOPLIST_KEY_UIApplicationSupportsIndirectInputEvents = YES;
				INFOPLIST_KEY_UILaunchScreen_Generation = YES;
				INFOPLIST_KEY_UISupportedInterfaceOrientations_iPad = "UIInterfaceOrientationPortrait UIInterfaceOrientationPortraitUpsideDown UIInterfaceOrientationLandscapeLeft UIInterfaceOrientationLandscapeRight";
				INFOPLIST_KEY_UISupportedInterfaceOrientations_iPhone = "UIInterfaceOrientationPortrait UIInterfaceOrientationLandscapeLeft UIInterfaceOrientationLandscapeRight";
				LD_RUNPATH_SEARCH_PATHS = (
					"$(inherited)",
					"@executable_path/Frameworks",
				);
				MARKETING_VERSION = 1.0;
				PRODUCT_BUNDLE_IDENTIFIER = "com.acasia.-AnimatedApp";
				PRODUCT_NAME = "$(TARGET_NAME)";
				SWIFT_EMIT_LOC_STRINGS = YES;
				SWIFT_VERSION = 5.0;
				TARGETED_DEVICE_FAMILY = "1,2";
			};
			name = Debug;
		};
		AA2EF7B12B825D36006941BE /* Release */ = {
			isa = XCBuildConfiguration;
			buildSettings = {
				ASSETCATALOG_COMPILER_APPICON_NAME = AppIcon;
				ASSETCATALOG_COMPILER_GLOBAL_ACCENT_COLOR_NAME = AccentColor;
				CODE_SIGN_STYLE = Automatic;
				CURRENT_PROJECT_VERSION = 1;
				DEVELOPMENT_ASSET_PATHS = "\"_AnimatedApp/Preview Content\"";
				DEVELOPMENT_TEAM = 4KLMMMFY4D;
				ENABLE_PREVIEWS = YES;
				GENERATE_INFOPLIST_FILE = YES;
				INFOPLIST_KEY_UIApplicationSceneManifest_Generation = YES;
				INFOPLIST_KEY_UIApplicationSupportsIndirectInputEvents = YES;
				INFOPLIST_KEY_UILaunchScreen_Generation = YES;
				INFOPLIST_KEY_UISupportedInterfaceOrientations_iPad = "UIInterfaceOrientationPortrait UIInterfaceOrientationPortraitUpsideDown UIInterfaceOrientationLandscapeLeft UIInterfaceOrientationLandscapeRight";
				INFOPLIST_KEY_UISupportedInterfaceOrientations_iPhone = "UIInterfaceOrientationPortrait UIInterfaceOrientationLandscapeLeft UIInterfaceOrientationLandscapeRight";
				LD_RUNPATH_SEARCH_PATHS = (
					"$(inherited)",
					"@executable_path/Frameworks",
				);
				MARKETING_VERSION = 1.0;
				PRODUCT_BUNDLE_IDENTIFIER = "com.acasia.-AnimatedApp";
				PRODUCT_NAME = "$(TARGET_NAME)";
				SWIFT_EMIT_LOC_STRINGS = YES;
				SWIFT_VERSION = 5.0;
				TARGETED_DEVICE_FAMILY = "1,2";
			};
			name = Release;
		};
/* End XCBuildConfiguration section */

/* Begin XCConfigurationList section */
		AA2EF79C2B825D35006941BE /* Build configuration list for PBXProject "_AnimatedApp" */ = {
			isa = XCConfigurationList;
			buildConfigurations = (
				AA2EF7AD2B825D36006941BE /* Debug */,
				AA2EF7AE2B825D36006941BE /* Release */,
			);
			defaultConfigurationIsVisible = 0;
			defaultConfigurationName = Release;
		};
		AA2EF7AF2B825D36006941BE /* Build configuration list for PBXNativeTarget "_AnimatedApp" */ = {
			isa = XCConfigurationList;
			buildConfigurations = (
				AA2EF7B02B825D36006941BE /* Debug */,
				AA2EF7B12B825D36006941BE /* Release */,
			);
			defaultConfigurationIsVisible = 0;
			defaultConfigurationName = Release;
		};
/* End XCConfigurationList section */

/* Begin XCRemoteSwiftPackageReference section */
		AA2EF8482B826399006941BE /* XCRemoteSwiftPackageReference "rive-ios" */ = {
			isa = XCRemoteSwiftPackageReference;
			repositoryURL = "https://github.com/rive-app/rive-ios";
			requirement = {
				kind = upToNextMajorVersion;
				minimumVersion = 5.8.0;
			};
		};
/* End XCRemoteSwiftPackageReference section */

/* Begin XCSwiftPackageProductDependency section */
		AA2EF8492B826399006941BE /* RiveRuntime */ = {
			isa = XCSwiftPackageProductDependency;
			package = AA2EF8482B826399006941BE /* XCRemoteSwiftPackageReference "rive-ios" */;
			productName = RiveRuntime;
		};
/* End XCSwiftPackageProductDependency section */
	};
	rootObject = AA2EF7992B825D35006941BE /* Project object */;
}
